schema: '2.0'
stages:
  preprocess:
    cmd: Rscript code/R/scripts/prepare_dataset.R --input rawdata/seba-caprino-feature-engineering-seba-abdel.tsv
      --output data/preprocessed/seba-caprino-preprocessed.tsv
    deps:
    - path: code/R/scripts/create_lag_features.R
      md5: 3a98b3ada91e90779a10f55547079d2f
      size: 2323
    - path: code/R/scripts/create_numeric_features.R
      md5: 50e383f27ae20404555e2f4f792390a8
      size: 2091
    - path: code/R/scripts/prepare_dataset.R
      md5: fe6b0b3d5906f532a6afaaee685c0974
      size: 1079
    - path: rawdata/seba-caprino-feature-engineering-seba-abdel.tsv
      md5: 1203d468e72db3b5c47e1d45a8f5bdcb
      size: 266391
    outs:
    - path: data/preprocessed
      md5: e08039bc9068ff29f37cef575b77a82d.dir
      size: 463618
      nfiles: 1
  select_initial_features:
    cmd: Rscript code/R/scripts/select_initial_features_dataset.R --input data/preprocessed/seba-caprino-preprocessed.tsv
      --output data/initial_features/seba-caprino-preprocessed-initial-features.tsv
    deps:
    - path: code/R/scripts/select_initial_features.R
      md5: af6f134cb3696389ad537930af81b4a2
      size: 1988
    - path: code/R/scripts/select_initial_features_dataset.R
      md5: 4b6076cc0aa98aad583424b5c40af7ab
      size: 938
    - path: data/preprocessed/seba-caprino-preprocessed.tsv
      md5: ca5a85b5b1ecee251f2ee46ac04eea57
      size: 463618
    outs:
    - path: data/initial_features
      md5: 8eee419eabb2dab478b30bffbcddb7c9.dir
      size: 378331
      nfiles: 1
  split_train_test:
    cmd: Rscript code/R/scripts/separate_train_test_dataset.R --input data/initial_features/seba-caprino-preprocessed-initial-features.tsv
      --output data/split/seba-caprino
    deps:
    - path: code/R/scripts/separate_train_test.R
      md5: 958ff937774a9e87df83e6256356d724
      size: 452
    - path: code/R/scripts/separate_train_test_dataset.R
      md5: 1d6186a5d46793ebf68542b84ec9ce8b
      size: 1257
    - path: data/initial_features/seba-caprino-preprocessed-initial-features.tsv
      md5: 2f84b0847baeb584a7a68290e21bb8f3
      size: 378331
    outs:
    - path: data/split
      md5: 3ca50d93fe9a65d8c7c713b59168205f.dir
      size: 378710
      nfiles: 2
  select_boruta_dataset:
    cmd: Rscript code/R/scripts/select_features_boruta_dataset.R --input data/split/seba-caprino_trainset.tsv
      --output data/topnfeatures/seba-caprino --numsamp 2
    deps:
    - path: code/R/scripts/select_features_boruta.R
      md5: e89c2eb88928d006b001aca3a5daccef
      size: 3415
    - path: code/R/scripts/select_features_boruta_dataset.R
      md5: 83bd50077f553acc7e6bb6e121c66cec
      size: 1723
    - path: data/split/seba-caprino_trainset.tsv
      md5: 2acc64c28713f1b815e4595cabc08c62
      size: 183581
    outs:
    - path: data/topnfeatures
      md5: 163ce0008cd8339f1fa483a3de477342.dir
      size: 355
      nfiles: 1
  select_boruta_features:
    cmd: Rscript code/R/scripts/select_features_boruta_dataset.R --input data/split/seba-caprino_trainset.tsv
      --output data/topnfeatures/seba-caprino
    deps:
    - path: code/R/scripts/select_features_boruta.R
      md5: e89c2eb88928d006b001aca3a5daccef
      size: 3415
    - path: code/R/scripts/select_features_boruta_dataset.R
      md5: c8d895529fcc8dda639f59e16c366509
      size: 2210
    - path: data/split/seba-caprino_trainset.tsv
      md5: 2acc64c28713f1b815e4595cabc08c62
      size: 183581
    params:
      params.yaml:
        select_boruta_features.maxnfeat: 20
        select_boruta_features.numsamp: 2
    outs:
    - path: data/topnfeatures
      md5: ca529fc9c18b5daa5a8e19c835e9fd22.dir
      size: 164
      nfiles: 1
  select_features_boruta:
    cmd: Rscript code/R/scripts/select_features_boruta_dataset.R --input data/split/seba-caprino_trainset.tsv
      --output data/topnfeatures/seba-caprino
    deps:
    - path: code/R/scripts/select_features_boruta.R
      md5: fd2ddd9c5f9d67832922722a102c9d0c
      size: 3429
    - path: code/R/scripts/select_features_boruta_dataset.R
      md5: 19497e6d4933c268c0e151b63d24ec84
      size: 2350
    - path: data/split/seba-caprino_trainset.tsv
      md5: 2acc64c28713f1b815e4595cabc08c62
      size: 183581
    params:
      params.yaml:
        select_features_boruta.maxnfeat: 40
        select_features_boruta.numsamp: 30
    outs:
    - path: data/topnfeatures
      md5: ff013510f79d43fe147357d0f4358a14.dir
      size: 331
      nfiles: 1
    - path: select_features_boruta.yaml
      md5: 32ff59f98f5e60a6b8ecdb244190e976
      size: 41
  separate_train_test:
    cmd: Rscript code/R/scripts/separate_train_test_dataset.R --input data/initial_features/seba-caprino-preprocessed-initial-features.tsv
      --output data/split/seba-caprino
    deps:
    - path: code/R/scripts/separate_train_test.R
      md5: 50639a79ea7704762c5425f8ff9a9c54
      size: 578
    - path: code/R/scripts/separate_train_test_dataset.R
      md5: a733437a7c189615cca0cc16ab3326fd
      size: 1787
    - path: data/initial_features/seba-caprino-preprocessed-initial-features.tsv
      md5: 2f84b0847baeb584a7a68290e21bb8f3
      size: 378331
    params:
      params.yaml:
        separate_train_test.excluded_anim:
        - 1553
        - 1635
        - 1779
        - 505081
        - 505075
        - 505080
    outs:
    - path: data/split
      md5: 3ca50d93fe9a65d8c7c713b59168205f.dir
      size: 378710
      nfiles: 2
    - path: separate_train_test.yaml
      md5: 088183b4d0ee1bb2ebb17581dbe40317
      size: 48
  train_model:
    cmd: Rscript code/R/scripts/train_model_dataset.R --input data/split/seba-caprino_trainset.tsv
      --selected_variables data/topnfeatures/seba-caprino_selected_features.tsv --model
      models/boost/seba-caprino
    deps:
    - path: code/R/scripts/train_model.R
      md5: d2c854ab322376d1d1e794e4f4ca8e93
      size: 1678
    - path: code/R/scripts/train_model_dataset.R
      md5: 718c99b4899e1ae484122ea0bacf7750
      size: 2183
    - path: data/split/seba-caprino_trainset.tsv
      md5: 2acc64c28713f1b815e4595cabc08c62
      size: 183581
    - path: data/topnfeatures/seba-caprino_selected_features.tsv
      md5: d267f40f10241c345ef86d0c8906863b
      size: 331
    outs:
    - path: metrics/train_model.yaml
      md5: 8089eb190052a070b4ee4173e58832ba
      size: 72
    - path: models/boost
      md5: b087da84562d514f965a94b34e645659.dir
      size: 174448
      nfiles: 1
