schema: '2.0'
stages:
  preprocess:
    cmd: Rscript code/R/scripts/prepare_dataset.R --input rawdata/seba-caprino-feature-engineering-seba-abdel.tsv
      --output data/preprocessed/seba-caprino-preprocessed.tsv
    deps:
    - path: code/R/scripts/create_lag_features.R
      md5: 3a98b3ada91e90779a10f55547079d2f
      size: 2323
    - path: code/R/scripts/create_numeric_features.R
      md5: 50e383f27ae20404555e2f4f792390a8
      size: 2091
    - path: code/R/scripts/prepare_dataset.R
      md5: fe6b0b3d5906f532a6afaaee685c0974
      size: 1079
    - path: rawdata/seba-caprino-feature-engineering-seba-abdel.tsv
      md5: 1203d468e72db3b5c47e1d45a8f5bdcb
      size: 266391
    outs:
    - path: data/preprocessed
      md5: e08039bc9068ff29f37cef575b77a82d.dir
      size: 463618
      nfiles: 1
  select_initial_features:
    cmd: Rscript code/R/scripts/020_select_initial_features_cmd.R --input data/preprocessed/seba-caprino-preprocessed.tsv
      --output data/initial_features/seba-caprino-preprocessed-initial-features.tsv
    deps:
    - path: code/R/functions/select_initial_features.R
      md5: af6f134cb3696389ad537930af81b4a2
      size: 1988
    - path: code/R/scripts/020_select_initial_features_cmd.R
      md5: 3993e31fd1481af436519633bd8a05dd
      size: 1124
    - path: data/preprocessed/seba-caprino-preprocessed.tsv
      md5: ca5a85b5b1ecee251f2ee46ac04eea57
      size: 463618
    outs:
    - path: data/initial_features
      md5: 8eee419eabb2dab478b30bffbcddb7c9.dir
      size: 378331
      nfiles: 1
    - path: metrics/select_features_initial.yaml
      md5: 80447d2ddc16a1be26c8d3be1c8d0159
      size: 23
  split_train_test:
    cmd: Rscript code/R/scripts/separate_train_test_dataset.R --input data/initial_features/seba-caprino-preprocessed-initial-features.tsv
      --output data/split/seba-caprino
    deps:
    - path: code/R/scripts/separate_train_test.R
      md5: 958ff937774a9e87df83e6256356d724
      size: 452
    - path: code/R/scripts/separate_train_test_dataset.R
      md5: 1d6186a5d46793ebf68542b84ec9ce8b
      size: 1257
    - path: data/initial_features/seba-caprino-preprocessed-initial-features.tsv
      md5: 2f84b0847baeb584a7a68290e21bb8f3
      size: 378331
    outs:
    - path: data/split
      md5: 3ca50d93fe9a65d8c7c713b59168205f.dir
      size: 378710
      nfiles: 2
  select_boruta_dataset:
    cmd: Rscript code/R/scripts/select_features_boruta_dataset.R --input data/split/seba-caprino_trainset.tsv
      --output data/topnfeatures/seba-caprino --numsamp 2
    deps:
    - path: code/R/scripts/select_features_boruta.R
      md5: e89c2eb88928d006b001aca3a5daccef
      size: 3415
    - path: code/R/scripts/select_features_boruta_dataset.R
      md5: 83bd50077f553acc7e6bb6e121c66cec
      size: 1723
    - path: data/split/seba-caprino_trainset.tsv
      md5: 2acc64c28713f1b815e4595cabc08c62
      size: 183581
    outs:
    - path: data/topnfeatures
      md5: 163ce0008cd8339f1fa483a3de477342.dir
      size: 355
      nfiles: 1
  select_boruta_features:
    cmd: Rscript code/R/scripts/select_features_boruta_dataset.R --input data/split/seba-caprino_trainset.tsv
      --output data/topnfeatures/seba-caprino
    deps:
    - path: code/R/scripts/select_features_boruta.R
      md5: e89c2eb88928d006b001aca3a5daccef
      size: 3415
    - path: code/R/scripts/select_features_boruta_dataset.R
      md5: c8d895529fcc8dda639f59e16c366509
      size: 2210
    - path: data/split/seba-caprino_trainset.tsv
      md5: 2acc64c28713f1b815e4595cabc08c62
      size: 183581
    params:
      params.yaml:
        select_boruta_features.maxnfeat: 20
        select_boruta_features.numsamp: 2
    outs:
    - path: data/topnfeatures
      md5: ca529fc9c18b5daa5a8e19c835e9fd22.dir
      size: 164
      nfiles: 1
  select_features_boruta:
    cmd: Rscript code/R/scripts/040_select_features_boruta_cmd.R --input data/split/seba-caprino_features.tsv
      --output data/topnfeatures/seba-caprino
    deps:
    - path: code/R/functions/select_features_boruta.R
      md5: 6e15ec963f63c04ae047aa99e6fae38a
      size: 3674
    - path: code/R/scripts/040_select_features_boruta_cmd.R
      md5: 8430c2b2179e7c0002d7613b62037f86
      size: 2405
    - path: data/split/seba-caprino_features.tsv
      md5: 47bb917ab9b91ee7a4fcf4d1bec27b13
      size: 162902
    params:
      params.yaml:
        select_features_boruta.maxnfeat: 25
        select_features_boruta.numsamp: 1
    outs:
    - path: data/topnfeatures
      md5: 7b5c0d133739e31c0325bf401cabbf11.dir
      size: 239
      nfiles: 1
    - path: metrics/select_features_boruta.yaml
      md5: 6c307eee46683c225a815bb5d12f1e1b
      size: 23
  separate_train_test:
    cmd: Rscript code/R/scripts/separate_train_test_dataset.R --input data/initial_features/seba-caprino-preprocessed-initial-features.tsv
      --output data/split/seba-caprino
    deps:
    - path: code/R/scripts/separate_train_test.R
      md5: 50639a79ea7704762c5425f8ff9a9c54
      size: 578
    - path: code/R/scripts/separate_train_test_dataset.R
      md5: a733437a7c189615cca0cc16ab3326fd
      size: 1787
    - path: data/initial_features/seba-caprino-preprocessed-initial-features.tsv
      md5: 2f84b0847baeb584a7a68290e21bb8f3
      size: 378331
    params:
      params.yaml:
        separate_train_test.excluded_anim:
        - 1553
        - 1635
        - 1779
        - 505081
        - 505075
        - 505080
    outs:
    - path: data/split
      md5: 3ca50d93fe9a65d8c7c713b59168205f.dir
      size: 378710
      nfiles: 2
    - path: separate_train_test.yaml
      md5: 088183b4d0ee1bb2ebb17581dbe40317
      size: 48
  train_model:
    cmd: Rscript code/R/scripts/050_train_model_cmd.R --input data/split/seba-caprino_features.tsv
      --selected_variables data/topnfeatures/seba-caprino_selected_features.tsv --model
      models/boost/seba-caprino
    deps:
    - path: code/R/functions/caret_params.R
      md5: eebf12c4b27d8f1ff8ef2c862c7efc09
      size: 598
    - path: code/R/functions/train_model.R
      md5: dac8319c3b5204db2dad83c6d019c4c5
      size: 1782
    - path: code/R/scripts/050_train_model_cmd.R
      md5: 410f08c6be7b5be2e9dfd707331d24c4
      size: 5556
    - path: data/split/seba-caprino_features.tsv
      md5: 47bb917ab9b91ee7a4fcf4d1bec27b13
      size: 162902
    - path: data/topnfeatures/seba-caprino_selected_features.tsv
      md5: c6419ccffe333238e0da13b9b8604c90
      size: 239
    params:
      params.yaml:
        train_model:
          depth:
          - 4
          - 6
          - 8
          - 10
          learning_rate:
          - 0.05
          - 0.1
          - 0.025
          - 0.0125
          iterations: 1000
          l2_leaf_reg:
          - 3.0
          - 1.0
          rsm:
          - 1
          border_count:
          - 64
          - 32
          - 16
          vfrac: 0.1
    outs:
    - path: metrics/train_model_metrics_G.yaml
      md5: 318b04f8567363bd6f99c54c14e0ab10
      size: 71
    - path: metrics/train_model_metrics_GM.yaml
      md5: eb9bf0f1e9f1781244941c23623e994f
      size: 69
    - path: metrics/train_model_metrics_R.yaml
      md5: ea4ab7efe140819255a58d608f776399
      size: 75
    - path: metrics/train_model_metrics_W.yaml
      md5: f8e89d66b242e663e21f45e4587dfee0
      size: 76
    - path: metrics/train_model_predictions.csv
      md5: f73046fced4e1cd93e987d86f3591893
      size: 2600
    - path: metrics/train_model_resample.yaml
      md5: 75a7b19de7a54fa92ea2864abffa676c
      size: 120
    - path: metrics/train_model_resample_metrics_G.yaml
      md5: 00534f8a5dabc0f21f36db7ca6350c90
      size: 40
    - path: metrics/train_model_resample_metrics_GM.yaml
      md5: 0ed3164617bc383749cebc3ce5a3028e
      size: 41
    - path: metrics/train_model_resample_metrics_R.yaml
      md5: d1922c5449b7a698d810413f3267e67d
      size: 41
    - path: metrics/train_model_resample_metrics_W.yaml
      md5: 4c32e3d61a69324b5fbdcd70062d794c
      size: 41
    - path: models/boost
      md5: 8b76b37e892dd1b9eab312f9c20740aa.dir
      size: 534430
      nfiles: 1
  separate_dataset:
    cmd: Rscript code/R/scripts/030_separate_dataset_cmd.R --input data/initial_features/seba-caprino-preprocessed-initial-features.tsv
      --output data/split/seba-caprino
    deps:
    - path: code/R/functions/separate_dataset.R
      md5: 33ba754c90d06df1764d51534a1a7885
      size: 722
    - path: code/R/scripts/030_separate_dataset_cmd.R
      md5: 82bed98f7642328ba6237ab4481f56f0
      size: 1891
    - path: data/initial_features/seba-caprino-preprocessed-initial-features.tsv
      md5: c92d1e4a7c5f8458d98909520a66e212
      size: 336073
    params:
      params.yaml:
        separate_dataset.excluded_anim:
        - a1
        - a2
        - a7
        - a10
        - a14
        - a15
    outs:
    - path: data/split
      md5: 10b5aaa6ce8cf74d4c4801cae4779cd9.dir
      size: 336444
      nfiles: 2
    - path: metrics/separate_dataset.yaml
      md5: ae0fa0b90dc9ea022ccaa33c4cacd0de
      size: 46
  prepare_dataset:
    cmd: Rscript code/R/scripts/010_prepare_dataset_cmd.R --input rawdata/seba-caprino-feature-engineering-seba-abdel.tsv
      --output data/preprocessed/seba-caprino-preprocessed.tsv
    deps:
    - path: code/R/functions/create_lag_features.R
      md5: 051b21a6bc1f51692fc7bdfba94e8e36
      size: 2699
    - path: code/R/functions/create_numeric_features.R
      md5: fb20c059e98bcfbd0a093941a1133c00
      size: 3728
    - path: code/R/scripts/010_prepare_dataset_cmd.R
      md5: 3cc1f6ef109208966d16efe9a8a9efbd
      size: 1128
    - path: rawdata/seba-caprino-feature-engineering-seba-abdel.tsv
      md5: 0f7b713988aba8bb854605744161277a
      size: 265696
    outs:
    - path: data/preprocessed
      md5: d3de68f43e8ae8916ba311896a8e0e8d.dir
      size: 494995
      nfiles: 1
  select_features_initial:
    cmd: Rscript code/R/scripts/020_select_features_initial_cmd.R --input data/preprocessed/seba-caprino-preprocessed.tsv
      --output data/initial_features/seba-caprino-preprocessed-initial-features.tsv
    deps:
    - path: code/R/functions/select_features_initial.R
      md5: 7b8e4cb91bceac13305df3422d086fa9
      size: 924
    - path: code/R/scripts/020_select_features_initial_cmd.R
      md5: 3e79a16c9a0d8a6d58714168c72957eb
      size: 1371
    - path: data/preprocessed/seba-caprino-preprocessed.tsv
      md5: d7975f598e2610d129fe5e09ea135c64
      size: 494995
    params:
      params.yaml:
        select_initial.features:
        - Anim
        - Standing
        - Active
        - Lying
        - '%HeadDown'
        - DFL1
        - DFL2
        - DFL3
        - DFA12
        - DFA123
        - DBL1
        - DBL2
        - DBL3
        - DBA12
        - DBA123
        - X_Actlog
        - Y_Actlog
        - Stepslog
        - distance(m)
        - VarXYlog
        - DiffXYlog
        - MeanXYlog
        - prev_Active1
        - prev_Active1
        - prev_Active2
        - prev_Active3
        - prev_Standing1
        - prev_Standing2
        - prev_Standing3
        - prev_Lying1
        - prev_Lying2
        - prev_Lying3
        - prev_steps1
        - prev_steps2
        - prev_steps3
        - prev_headdown1
        - prev_headdown2
        - prev_headdown3
    outs:
    - path: data/initial_features
      md5: 45dc6e3a864af57d266d13017d2e3cb6.dir
      size: 336073
      nfiles: 1
    - path: metrics/select_features_initial.yaml
      md5: d49966b25bd843624ef991eed7a37d4e
      size: 23
  train_model_loocv:
    cmd: Rscript code/R/scripts/060_train_model_loocv_cmd.R --input data/split/seba-caprino_loocv.tsv
      --selected_variables data/topnfeatures/seba-caprino_selected_features.tsv --results
      models/train_loocv/seba-caprino --model models/boost/seba-caprino_model.rds
    deps:
    - path: code/R/functions/caret_params.R
      md5: eebf12c4b27d8f1ff8ef2c862c7efc09
      size: 598
    - path: code/R/functions/train_model_loocv.R
      md5: 26adfa6df33fe458a23db84b509845cd
      size: 7021
    - path: code/R/scripts/060_train_model_loocv_cmd.R
      md5: df72f55867d1ab93bd04123afc3c5587
      size: 3979
    - path: data/split/seba-caprino_loocv.tsv
      md5: 9062fd079fee428ebbf93251bcf9792e
      size: 173542
    - path: data/topnfeatures/seba-caprino_selected_features.tsv
      md5: c6419ccffe333238e0da13b9b8604c90
      size: 239
    - path: models/boost/seba-caprino_model.rds
      md5: 18dd0945bef22285256688bd8552f965
      size: 534430
    params:
      params.yaml:
        train_model:
          depth:
          - 4
          - 6
          - 8
          - 10
          learning_rate:
          - 0.05
          - 0.1
          - 0.025
          - 0.0125
          iterations: 1000
          l2_leaf_reg:
          - 3.0
          - 1.0
          rsm:
          - 1
          border_count:
          - 64
          - 32
          - 16
          vfrac: 0.1
    outs:
    - path: metrics/train_model_loocv_metrics_G.yaml
      md5: 3a048a938407d41c18ea03a6da5e69e3
      size: 119
    - path: metrics/train_model_loocv_metrics_GM.yaml
      md5: e0db488bddeae2e14cc7a97c0588c25d
      size: 121
    - path: metrics/train_model_loocv_metrics_R.yaml
      md5: fc2a29b77d75306b98f6d01531722a74
      size: 118
    - path: metrics/train_model_loocv_metrics_W.yaml
      md5: 6af5ddf430263d79fdf75b26002cdc76
      size: 121
    - path: metrics/train_model_loocv_metrics_micro.yaml
      md5: ad2bee4a24e4a78aef0d996cd1f81fd2
      size: 82
    - path: metrics/train_model_loocv_metrics_overall.yaml
      md5: 5372e12bde45d26f065ced40359e5129
      size: 120
    - path: models/train_loocv
      md5: 322525fae32231b22ab498da51ff9bca.dir
      size: 4393049
      nfiles: 1
  calculate_shap:
    cmd: Rscript code/R/scripts/070_calculate_shap_cmd.R --input data/split/seba-caprino_features.tsv
      --model models/boost/seba-caprino_model.rds --output data/shap/shap_values.tsv
      --selected_variables data/topnfeatures/seba-caprino_selected_features.tsv
    deps:
    - path: code/R/functions/calculate_shap.R
      md5: cd6fc5499d44d4bae03931e6663946ba
      size: 4116
    - path: code/R/scripts/070_calculate_shap_cmd.R
      md5: 5e97b8bd96547bc1429ee5a3d06a7a7c
      size: 2493
    - path: data/split/seba-caprino_features.tsv
      md5: 47bb917ab9b91ee7a4fcf4d1bec27b13
      size: 162902
    - path: data/topnfeatures/seba-caprino_selected_features.tsv
      md5: c6419ccffe333238e0da13b9b8604c90
      size: 239
    - path: models/boost/seba-caprino_model.rds
      md5: 18dd0945bef22285256688bd8552f965
      size: 534430
    params:
      params.yaml:
        calculate_shap.nsim: 10
    outs:
    - path: data/shap
      md5: 254395df690f415c51dc4e41396b6b59.dir
      size: 332426
      nfiles: 1
  plot_shap:
    cmd: Rscript code/R/scripts/075_plot_shap_cmd.R --input data/split/seba-caprino_features.tsv
      --shapvalues data/shap/shap_values.tsv --output images/shap --selected_variables
      data/topnfeatures/seba-caprino_selected_features.tsv
    deps:
    - path: code/R/functions/calculate_shap.R
      md5: cd6fc5499d44d4bae03931e6663946ba
      size: 4116
    - path: code/R/functions/plot_shap.R
      md5: 4685e5e0f7fad7b1e1b4239de35158ce
      size: 1557
    - path: code/R/scripts/070_calculate_shap_cmd.R
      md5: 5e97b8bd96547bc1429ee5a3d06a7a7c
      size: 2493
    - path: code/R/scripts/075_plot_shap_cmd.R
      md5: 7d8aa548717d02e93f5477104f5efe46
      size: 2450
    - path: data/shap/shap_values.tsv
      md5: f73a80fedf6d546c9ae4fab5feaf708d
      size: 332426
    - path: data/split/seba-caprino_features.tsv
      md5: 47bb917ab9b91ee7a4fcf4d1bec27b13
      size: 162902
    - path: data/topnfeatures/seba-caprino_selected_features.tsv
      md5: c6419ccffe333238e0da13b9b8604c90
      size: 239
    outs:
    - path: images/shap
      md5: 580305137fdd0744352abec419f0c35c.dir
      size: 339618
      nfiles: 2
  test_model_loocv:
    cmd: Rscript code/R/scripts/061_test_model_loocv_cmd.R --input data/split/seba-caprino_loocv.tsv
      --selected_variables data/topnfeatures/seba-caprino_selected_features.tsv --results
      models/test_loocv/seba-caprino --model models/boost/seba-caprino_model.rds
    deps:
    - path: code/R/functions/caret_params.R
      md5: eebf12c4b27d8f1ff8ef2c862c7efc09
      size: 598
    - path: code/R/functions/train_model_loocv.R
      md5: 26adfa6df33fe458a23db84b509845cd
      size: 7021
    - path: code/R/scripts/061_test_model_loocv_cmd.R
      md5: 74e92f0f215c2113c35f9543bd44dde9
      size: 3357
    - path: data/split/seba-caprino_features.tsv
      md5: 47bb917ab9b91ee7a4fcf4d1bec27b13
      size: 162902
    - path: data/topnfeatures/seba-caprino_selected_features.tsv
      md5: c6419ccffe333238e0da13b9b8604c90
      size: 239
    - path: models/boost/seba-caprino_model.rds
      md5: 18dd0945bef22285256688bd8552f965
      size: 534430
    outs:
    - path: metrics/test_model_loocv_metrics_G.yaml
      md5: 1ccb33e32cd411526fcc9c280b3277a5
      size: 121
    - path: metrics/test_model_loocv_metrics_GM.yaml
      md5: 22585800297cba69c9dac5e122037513
      size: 121
    - path: metrics/test_model_loocv_metrics_R.yaml
      md5: 5566fe070c0456910ccf8448f1dc2e9e
      size: 121
    - path: metrics/test_model_loocv_metrics_W.yaml
      md5: c0176ab154efa7f6efd0d0c6daae1aac
      size: 121
    - path: metrics/test_model_loocv_metrics_micro.yaml
      md5: a19be90b325b40c1a3767490fe9b6db3
      size: 82
    - path: metrics/test_model_loocv_metrics_overall.yaml
      md5: aca1999cec76c1cc7be8e862c4ee5a0f
      size: 119
    - path: models/test_loocv
      md5: 3b7f20d47f450afe1df5d83f4b5d6980.dir
      size: 5333528
      nfiles: 1
